// !$*UTF8*$!
{
	archiveVersion = 1;
	classes = {
	};
	objectVersion = 46;
	objects = {

/* Begin PBXBuildFile section */
		07ECAE0717053F9C00B601AA /* UIKit.framework in Frameworks */ = {isa = PBXBuildFile; fileRef = 07ECAE0617053F9C00B601AA /* UIKit.framework */; };
		07ECAE0917053F9C00B601AA /* Foundation.framework in Frameworks */ = {isa = PBXBuildFile; fileRef = 07ECAE0817053F9C00B601AA /* Foundation.framework */; };
		07ECAE0B17053F9C00B601AA /* CoreGraphics.framework in Frameworks */ = {isa = PBXBuildFile; fileRef = 07ECAE0A17053F9C00B601AA /* CoreGraphics.framework */; };
		07ECAE1117053F9C00B601AA /* InfoPlist.strings in Resources */ = {isa = PBXBuildFile; fileRef = 07ECAE0F17053F9C00B601AA /* InfoPlist.strings */; };
		07ECAE1317053F9C00B601AA /* main.m in Sources */ = {isa = PBXBuildFile; fileRef = 07ECAE1217053F9C00B601AA /* main.m */; };
		07ECAE1717053F9C00B601AA /* RCAppDelegate.m in Sources */ = {isa = PBXBuildFile; fileRef = 07ECAE1617053F9C00B601AA /* RCAppDelegate.m */; };
		07ECAE1917053F9C00B601AA /* Default.png in Resources */ = {isa = PBXBuildFile; fileRef = 07ECAE1817053F9C00B601AA /* Default.png */; };
		07ECAE1B17053F9C00B601AA /* Default@2x.png in Resources */ = {isa = PBXBuildFile; fileRef = 07ECAE1A17053F9C00B601AA /* Default@2x.png */; };
		07ECAE1D17053F9C00B601AA /* Default-568h@2x.png in Resources */ = {isa = PBXBuildFile; fileRef = 07ECAE1C17053F9C00B601AA /* Default-568h@2x.png */; };
		07ECAE2017053F9C00B601AA /* RCViewController.m in Sources */ = {isa = PBXBuildFile; fileRef = 07ECAE1F17053F9C00B601AA /* RCViewController.m */; };
		07ECAE2317053F9C00B601AA /* RCViewController.xib in Resources */ = {isa = PBXBuildFile; fileRef = 07ECAE2117053F9C00B601AA /* RCViewController.xib */; };
		07ECAE3D1705405C00B601AA /* AFHTTPClient.m in Sources */ = {isa = PBXBuildFile; fileRef = 07ECAE2B1705405C00B601AA /* AFHTTPClient.m */; };
		07ECAE3E1705405C00B601AA /* AFHTTPRequestOperation.m in Sources */ = {isa = PBXBuildFile; fileRef = 07ECAE2D1705405C00B601AA /* AFHTTPRequestOperation.m */; };
		07ECAE3F1705405C00B601AA /* AFImageRequestOperation.m in Sources */ = {isa = PBXBuildFile; fileRef = 07ECAE2F1705405C00B601AA /* AFImageRequestOperation.m */; };
		07ECAE401705405C00B601AA /* AFJSONRequestOperation.m in Sources */ = {isa = PBXBuildFile; fileRef = 07ECAE311705405C00B601AA /* AFJSONRequestOperation.m */; };
		07ECAE411705405C00B601AA /* AFNetworkActivityIndicatorManager.m in Sources */ = {isa = PBXBuildFile; fileRef = 07ECAE331705405C00B601AA /* AFNetworkActivityIndicatorManager.m */; };
		07ECAE421705405C00B601AA /* AFPropertyListRequestOperation.m in Sources */ = {isa = PBXBuildFile; fileRef = 07ECAE361705405C00B601AA /* AFPropertyListRequestOperation.m */; };
		07ECAE431705405C00B601AA /* AFURLConnectionOperation.m in Sources */ = {isa = PBXBuildFile; fileRef = 07ECAE381705405C00B601AA /* AFURLConnectionOperation.m */; };
		07ECAE441705405C00B601AA /* AFXMLRequestOperation.m in Sources */ = {isa = PBXBuildFile; fileRef = 07ECAE3A1705405C00B601AA /* AFXMLRequestOperation.m */; };
		07ECAE451705405C00B601AA /* UIImageView+AFNetworking.m in Sources */ = {isa = PBXBuildFile; fileRef = 07ECAE3C1705405C00B601AA /* UIImageView+AFNetworking.m */; };
		07ECAE481705411D00B601AA /* RCNetworkClient.m in Sources */ = {isa = PBXBuildFile; fileRef = 07ECAE471705411D00B601AA /* RCNetworkClient.m */; };
		07ECAE4C170581BD00B601AA /* RCKeyboardInput.m in Sources */ = {isa = PBXBuildFile; fileRef = 07ECAE4B170581BD00B601AA /* RCKeyboardInput.m */; };
		07ECAE50170598BA00B601AA /* RCServerInputViewController.m in Sources */ = {isa = PBXBuildFile; fileRef = 07ECAE4F170598BA00B601AA /* RCServerInputViewController.m */; };
/* End PBXBuildFile section */

/* Begin PBXFileReference section */
		07ECAE0317053F9C00B601AA /* RemoteControl.app */ = {isa = PBXFileReference; explicitFileType = wrapper.application; includeInIndex = 0; path = RemoteControl.app; sourceTree = BUILT_PRODUCTS_DIR; };
		07ECAE0617053F9C00B601AA /* UIKit.framework */ = {isa = PBXFileReference; lastKnownFileType = wrapper.framework; name = UIKit.framework; path = System/Library/Frameworks/UIKit.framework; sourceTree = SDKROOT; };
		07ECAE0817053F9C00B601AA /* Foundation.framework */ = {isa = PBXFileReference; lastKnownFileType = wrapper.framework; name = Foundation.framework; path = System/Library/Frameworks/Foundation.framework; sourceTree = SDKROOT; };
		07ECAE0A17053F9C00B601AA /* CoreGraphics.framework */ = {isa = PBXFileReference; lastKnownFileType = wrapper.framework; name = CoreGraphics.framework; path = System/Library/Frameworks/CoreGraphics.framework; sourceTree = SDKROOT; };
		07ECAE0E17053F9C00B601AA /* RemoteControl-Info.plist */ = {isa = PBXFileReference; lastKnownFileType = text.plist.xml; path = "RemoteControl-Info.plist"; sourceTree = "<group>"; };
		07ECAE1017053F9C00B601AA /* en */ = {isa = PBXFileReference; lastKnownFileType = text.plist.strings; name = en; path = en.lproj/InfoPlist.strings; sourceTree = "<group>"; };
		07ECAE1217053F9C00B601AA /* main.m */ = {isa = PBXFileReference; lastKnownFileType = sourcecode.c.objc; path = main.m; sourceTree = "<group>"; };
		07ECAE1417053F9C00B601AA /* RemoteControl-Prefix.pch */ = {isa = PBXFileReference; lastKnownFileType = sourcecode.c.h; path = "RemoteControl-Prefix.pch"; sourceTree = "<group>"; };
		07ECAE1517053F9C00B601AA /* RCAppDelegate.h */ = {isa = PBXFileReference; lastKnownFileType = sourcecode.c.h; path = RCAppDelegate.h; sourceTree = "<group>"; };
		07ECAE1617053F9C00B601AA /* RCAppDelegate.m */ = {isa = PBXFileReference; lastKnownFileType = sourcecode.c.objc; path = RCAppDelegate.m; sourceTree = "<group>"; };
		07ECAE1817053F9C00B601AA /* Default.png */ = {isa = PBXFileReference; lastKnownFileType = image.png; path = Default.png; sourceTree = "<group>"; };
		07ECAE1A17053F9C00B601AA /* Default@2x.png */ = {isa = PBXFileReference; lastKnownFileType = image.png; path = "Default@2x.png"; sourceTree = "<group>"; };
		07ECAE1C17053F9C00B601AA /* Default-568h@2x.png */ = {isa = PBXFileReference; lastKnownFileType = image.png; path = "Default-568h@2x.png"; sourceTree = "<group>"; };
		07ECAE1E17053F9C00B601AA /* RCViewController.h */ = {isa = PBXFileReference; lastKnownFileType = sourcecode.c.h; path = RCViewController.h; sourceTree = "<group>"; };
		07ECAE1F17053F9C00B601AA /* RCViewController.m */ = {isa = PBXFileReference; lastKnownFileType = sourcecode.c.objc; path = RCViewController.m; sourceTree = "<group>"; };
		07ECAE2217053F9C00B601AA /* en */ = {isa = PBXFileReference; lastKnownFileType = file.xib; name = en; path = en.lproj/RCViewController.xib; sourceTree = "<group>"; };
		07ECAE2A1705405C00B601AA /* AFHTTPClient.h */ = {isa = PBXFileReference; fileEncoding = 4; lastKnownFileType = sourcecode.c.h; path = AFHTTPClient.h; sourceTree = "<group>"; };
		07ECAE2B1705405C00B601AA /* AFHTTPClient.m */ = {isa = PBXFileReference; fileEncoding = 4; lastKnownFileType = sourcecode.c.objc; path = AFHTTPClient.m; sourceTree = "<group>"; };
		07ECAE2C1705405C00B601AA /* AFHTTPRequestOperation.h */ = {isa = PBXFileReference; fileEncoding = 4; lastKnownFileType = sourcecode.c.h; path = AFHTTPRequestOperation.h; sourceTree = "<group>"; };
		07ECAE2D1705405C00B601AA /* AFHTTPRequestOperation.m */ = {isa = PBXFileReference; fileEncoding = 4; lastKnownFileType = sourcecode.c.objc; path = AFHTTPRequestOperation.m; sourceTree = "<group>"; };
		07ECAE2E1705405C00B601AA /* AFImageRequestOperation.h */ = {isa = PBXFileReference; fileEncoding = 4; lastKnownFileType = sourcecode.c.h; path = AFImageRequestOperation.h; sourceTree = "<group>"; };
		07ECAE2F1705405C00B601AA /* AFImageRequestOperation.m */ = {isa = PBXFileReference; fileEncoding = 4; lastKnownFileType = sourcecode.c.objc; path = AFImageRequestOperation.m; sourceTree = "<group>"; };
		07ECAE301705405C00B601AA /* AFJSONRequestOperation.h */ = {isa = PBXFileReference; fileEncoding = 4; lastKnownFileType = sourcecode.c.h; path = AFJSONRequestOperation.h; sourceTree = "<group>"; };
		07ECAE311705405C00B601AA /* AFJSONRequestOperation.m */ = {isa = PBXFileReference; fileEncoding = 4; lastKnownFileType = sourcecode.c.objc; path = AFJSONRequestOperation.m; sourceTree = "<group>"; };
		07ECAE321705405C00B601AA /* AFNetworkActivityIndicatorManager.h */ = {isa = PBXFileReference; fileEncoding = 4; lastKnownFileType = sourcecode.c.h; path = AFNetworkActivityIndicatorManager.h; sourceTree = "<group>"; };
		07ECAE331705405C00B601AA /* AFNetworkActivityIndicatorManager.m */ = {isa = PBXFileReference; fileEncoding = 4; lastKnownFileType = sourcecode.c.objc; path = AFNetworkActivityIndicatorManager.m; sourceTree = "<group>"; };
		07ECAE341705405C00B601AA /* AFNetworking.h */ = {isa = PBXFileReference; fileEncoding = 4; lastKnownFileType = sourcecode.c.h; path = AFNetworking.h; sourceTree = "<group>"; };
		07ECAE351705405C00B601AA /* AFPropertyListRequestOperation.h */ = {isa = PBXFileReference; fileEncoding = 4; lastKnownFileType = sourcecode.c.h; path = AFPropertyListRequestOperation.h; sourceTree = "<group>"; };
		07ECAE361705405C00B601AA /* AFPropertyListRequestOperation.m */ = {isa = PBXFileReference; fileEncoding = 4; lastKnownFileType = sourcecode.c.objc; path = AFPropertyListRequestOperation.m; sourceTree = "<group>"; };
		07ECAE371705405C00B601AA /* AFURLConnectionOperation.h */ = {isa = PBXFileReference; fileEncoding = 4; lastKnownFileType = sourcecode.c.h; path = AFURLConnectionOperation.h; sourceTree = "<group>"; };
		07ECAE381705405C00B601AA /* AFURLConnectionOperation.m */ = {isa = PBXFileReference; fileEncoding = 4; lastKnownFileType = sourcecode.c.objc; path = AFURLConnectionOperation.m; sourceTree = "<group>"; };
		07ECAE391705405C00B601AA /* AFXMLRequestOperation.h */ = {isa = PBXFileReference; fileEncoding = 4; lastKnownFileType = sourcecode.c.h; path = AFXMLRequestOperation.h; sourceTree = "<group>"; };
		07ECAE3A1705405C00B601AA /* AFXMLRequestOperation.m */ = {isa = PBXFileReference; fileEncoding = 4; lastKnownFileType = sourcecode.c.objc; path = AFXMLRequestOperation.m; sourceTree = "<group>"; };
		07ECAE3B1705405C00B601AA /* UIImageView+AFNetworking.h */ = {isa = PBXFileReference; fileEncoding = 4; lastKnownFileType = sourcecode.c.h; path = "UIImageView+AFNetworking.h"; sourceTree = "<group>"; };
		07ECAE3C1705405C00B601AA /* UIImageView+AFNetworking.m */ = {isa = PBXFileReference; fileEncoding = 4; lastKnownFileType = sourcecode.c.objc; path = "UIImageView+AFNetworking.m"; sourceTree = "<group>"; };
		07ECAE461705411D00B601AA /* RCNetworkClient.h */ = {isa = PBXFileReference; fileEncoding = 4; lastKnownFileType = sourcecode.c.h; path = RCNetworkClient.h; sourceTree = "<group>"; };
		07ECAE471705411D00B601AA /* RCNetworkClient.m */ = {isa = PBXFileReference; fileEncoding = 4; lastKnownFileType = sourcecode.c.objc; path = RCNetworkClient.m; sourceTree = "<group>"; };
		07ECAE4A170581BD00B601AA /* RCKeyboardInput.h */ = {isa = PBXFileReference; fileEncoding = 4; lastKnownFileType = sourcecode.c.h; path = RCKeyboardInput.h; sourceTree = "<group>"; };
		07ECAE4B170581BD00B601AA /* RCKeyboardInput.m */ = {isa = PBXFileReference; fileEncoding = 4; lastKnownFileType = sourcecode.c.objc; path = RCKeyboardInput.m; sourceTree = "<group>"; };
		07ECAE4E170598BA00B601AA /* RCServerInputViewController.h */ = {isa = PBXFileReference; fileEncoding = 4; lastKnownFileType = sourcecode.c.h; path = RCServerInputViewController.h; sourceTree = "<group>"; };
		07ECAE4F170598BA00B601AA /* RCServerInputViewController.m */ = {isa = PBXFileReference; fileEncoding = 4; lastKnownFileType = sourcecode.c.objc; path = RCServerInputViewController.m; sourceTree = "<group>"; };
/* End PBXFileReference section */

/* Begin PBXFrameworksBuildPhase section */
		07ECAE0017053F9C00B601AA /* Frameworks */ = {
			isa = PBXFrameworksBuildPhase;
			buildActionMask = 2147483647;
			files = (
				07ECAE0717053F9C00B601AA /* UIKit.framework in Frameworks */,
				07ECAE0917053F9C00B601AA /* Foundation.framework in Frameworks */,
				07ECAE0B17053F9C00B601AA /* CoreGraphics.framework in Frameworks */,
			);
			runOnlyForDeploymentPostprocessing = 0;
		};
/* End PBXFrameworksBuildPhase section */

/* Begin PBXGroup section */
		07ECADFA17053F9C00B601AA = {
			isa = PBXGroup;
			children = (
				07ECAE0C17053F9C00B601AA /* RemoteControl */,
				07ECAE0517053F9C00B601AA /* Frameworks */,
				07ECAE0417053F9C00B601AA /* Products */,
			);
			sourceTree = "<group>";
		};
		07ECAE0417053F9C00B601AA /* Products */ = {
			isa = PBXGroup;
			children = (
				07ECAE0317053F9C00B601AA /* RemoteControl.app */,
			);
			name = Products;
			sourceTree = "<group>";
		};
		07ECAE0517053F9C00B601AA /* Frameworks */ = {
			isa = PBXGroup;
			children = (
				07ECAE0617053F9C00B601AA /* UIKit.framework */,
				07ECAE0817053F9C00B601AA /* Foundation.framework */,
				07ECAE0A17053F9C00B601AA /* CoreGraphics.framework */,
			);
			name = Frameworks;
			sourceTree = "<group>";
		};
		07ECAE0C17053F9C00B601AA /* RemoteControl */ = {
			isa = PBXGroup;
			children = (
				07ECAE291705405C00B601AA /* AFNetworking */,
				07ECAE1517053F9C00B601AA /* RCAppDelegate.h */,
				07ECAE1617053F9C00B601AA /* RCAppDelegate.m */,
				07ECAE1E17053F9C00B601AA /* RCViewController.h */,
				07ECAE1F17053F9C00B601AA /* RCViewController.m */,
				07ECAE2117053F9C00B601AA /* RCViewController.xib */,
				07ECAE0D17053F9C00B601AA /* Supporting Files */,
				07ECAE461705411D00B601AA /* RCNetworkClient.h */,
				07ECAE471705411D00B601AA /* RCNetworkClient.m */,
				07ECAE4A170581BD00B601AA /* RCKeyboardInput.h */,
				07ECAE4B170581BD00B601AA /* RCKeyboardInput.m */,
				07ECAE4E170598BA00B601AA /* RCServerInputViewController.h */,
				07ECAE4F170598BA00B601AA /* RCServerInputViewController.m */,
			);
			path = RemoteControl;
			sourceTree = "<group>";
		};
		07ECAE0D17053F9C00B601AA /* Supporting Files */ = {
			isa = PBXGroup;
			children = (
				07ECAE0E17053F9C00B601AA /* RemoteControl-Info.plist */,
				07ECAE0F17053F9C00B601AA /* InfoPlist.strings */,
				07ECAE1217053F9C00B601AA /* main.m */,
				07ECAE1417053F9C00B601AA /* RemoteControl-Prefix.pch */,
				07ECAE1817053F9C00B601AA /* Default.png */,
				07ECAE1A17053F9C00B601AA /* Default@2x.png */,
				07ECAE1C17053F9C00B601AA /* Default-568h@2x.png */,
			);
			name = "Supporting Files";
			sourceTree = "<group>";
		};
		07ECAE291705405C00B601AA /* AFNetworking */ = {
			isa = PBXGroup;
			children = (
				07ECAE2A1705405C00B601AA /* AFHTTPClient.h */,
				07ECAE2B1705405C00B601AA /* AFHTTPClient.m */,
				07ECAE2C1705405C00B601AA /* AFHTTPRequestOperation.h */,
				07ECAE2D1705405C00B601AA /* AFHTTPRequestOperation.m */,
				07ECAE2E1705405C00B601AA /* AFImageRequestOperation.h */,
				07ECAE2F1705405C00B601AA /* AFImageRequestOperation.m */,
				07ECAE301705405C00B601AA /* AFJSONRequestOperation.h */,
				07ECAE311705405C00B601AA /* AFJSONRequestOperation.m */,
				07ECAE321705405C00B601AA /* AFNetworkActivityIndicatorManager.h */,
				07ECAE331705405C00B601AA /* AFNetworkActivityIndicatorManager.m */,
				07ECAE341705405C00B601AA /* AFNetworking.h */,
				07ECAE351705405C00B601AA /* AFPropertyListRequestOperation.h */,
				07ECAE361705405C00B601AA /* AFPropertyListRequestOperation.m */,
				07ECAE371705405C00B601AA /* AFURLConnectionOperation.h */,
				07ECAE381705405C00B601AA /* AFURLConnectionOperation.m */,
				07ECAE391705405C00B601AA /* AFXMLRequestOperation.h */,
				07ECAE3A1705405C00B601AA /* AFXMLRequestOperation.m */,
				07ECAE3B1705405C00B601AA /* UIImageView+AFNetworking.h */,
				07ECAE3C1705405C00B601AA /* UIImageView+AFNetworking.m */,
			);
			path = AFNetworking;
			sourceTree = "<group>";
		};
/* End PBXGroup section */

/* Begin PBXNativeTarget section */
		07ECAE0217053F9C00B601AA /* RemoteControl */ = {
			isa = PBXNativeTarget;
			buildConfigurationList = 07ECAE2617053F9C00B601AA /* Build configuration list for PBXNativeTarget "RemoteControl" */;
			buildPhases = (
				07ECADFF17053F9C00B601AA /* Sources */,
				07ECAE0017053F9C00B601AA /* Frameworks */,
				07ECAE0117053F9C00B601AA /* Resources */,
			);
			buildRules = (
			);
			dependencies = (
			);
			name = RemoteControl;
			productName = RemoteControl;
			productReference = 07ECAE0317053F9C00B601AA /* RemoteControl.app */;
			productType = "com.apple.product-type.application";
		};
/* End PBXNativeTarget section */

/* Begin PBXProject section */
		07ECADFB17053F9C00B601AA /* Project object */ = {
			isa = PBXProject;
			attributes = {
				CLASSPREFIX = RC;
				LastUpgradeCheck = 0460;
				ORGANIZATIONNAME = gravity;
			};
			buildConfigurationList = 07ECADFE17053F9C00B601AA /* Build configuration list for PBXProject "RemoteControl" */;
			compatibilityVersion = "Xcode 3.2";
			developmentRegion = English;
			hasScannedForEncodings = 0;
			knownRegions = (
				en,
			);
			mainGroup = 07ECADFA17053F9C00B601AA;
			productRefGroup = 07ECAE0417053F9C00B601AA /* Products */;
			projectDirPath = "";
			projectRoot = "";
			targets = (
				07ECAE0217053F9C00B601AA /* RemoteControl */,
			);
		};
/* End PBXProject section */

/* Begin PBXResourcesBuildPhase section */
		07ECAE0117053F9C00B601AA /* Resources */ = {
			isa = PBXResourcesBuildPhase;
			buildActionMask = 2147483647;
			files = (
				07ECAE1117053F9C00B601AA /* InfoPlist.strings in Resources */,
				07ECAE1917053F9C00B601AA /* Default.png in Resources */,
				07ECAE1B17053F9C00B601AA /* Default@2x.png in Resources */,
				07ECAE1D17053F9C00B601AA /* Default-568h@2x.png in Resources */,
				07ECAE2317053F9C00B601AA /* RCViewController.xib in Resources */,
			);
			runOnlyForDeploymentPostprocessing = 0;
		};
/* End PBXResourcesBuildPhase section */

/* Begin PBXSourcesBuildPhase section */
		07ECADFF17053F9C00B601AA /* Sources */ = {
			isa = PBXSourcesBuildPhase;
			buildActionMask = 2147483647;
			files = (
				07ECAE1317053F9C00B601AA /* main.m in Sources */,
				07ECAE1717053F9C00B601AA /* RCAppDelegate.m in Sources */,
				07ECAE2017053F9C00B601AA /* RCViewController.m in Sources */,
				07ECAE3D1705405C00B601AA /* AFHTTPClient.m in Sources */,
				07ECAE3E1705405C00B601AA /* AFHTTPRequestOperation.m in Sources */,
				07ECAE3F1705405C00B601AA /* AFImageRequestOperation.m in Sources */,
				07ECAE401705405C00B601AA /* AFJSONRequestOperation.m in Sources */,
				07ECAE411705405C00B601AA /* AFNetworkActivityIndicatorManager.m in Sources */,
				07ECAE421705405C00B601AA /* AFPropertyListRequestOperation.m in Sources */,
				07ECAE431705405C00B601AA /* AFURLConnectionOperation.m in Sources */,
				07ECAE441705405C00B601AA /* AFXMLRequestOperation.m in Sources */,
				07ECAE451705405C00B601AA /* UIImageView+AFNetworking.m in Sources */,
				07ECAE481705411D00B601AA /* RCNetworkClient.m in Sources */,
				07ECAE4C170581BD00B601AA /* RCKeyboardInput.m in Sources */,
				07ECAE50170598BA00B601AA /* RCServerInputViewController.m in Sources */,
			);
			runOnlyForDeploymentPostprocessing = 0;
		};
/* End PBXSourcesBuildPhase section */

/* Begin PBXVariantGroup section */
		07ECAE0F17053F9C00B601AA /* InfoPlist.strings */ = {
			isa = PBXVariantGroup;
			children = (
				07ECAE1017053F9C00B601AA /* en */,
			);
			name = InfoPlist.strings;
			sourceTree = "<group>";
		};
		07ECAE2117053F9C00B601AA /* RCViewController.xib */ = {
			isa = PBXVariantGroup;
			children = (
				07ECAE2217053F9C00B601AA /* en */,
			);
			name = RCViewController.xib;
			sourceTree = "<group>";
		};
/* End PBXVariantGroup section */

/* Begin XCBuildConfiguration section */
		07ECAE2417053F9C00B601AA /* Debug */ = {
			isa = XCBuildConfiguration;
			buildSettings = {
				ALWAYS_SEARCH_USER_PATHS = NO;
				CLANG_CXX_LANGUAGE_STANDARD = "gnu++0x";
				CLANG_CXX_LIBRARY = "libc++";
				CLANG_ENABLE_OBJC_ARC = YES;
				CLANG_WARN_CONSTANT_CONVERSION = YES;
				CLANG_WARN_EMPTY_BODY = YES;
				CLANG_WARN_ENUM_CONVERSION = YES;
				CLANG_WARN_INT_CONVERSION = YES;
				CLANG_WARN__DUPLICATE_METHOD_MATCH = YES;
				"CODE_SIGN_IDENTITY[sdk=iphoneos*]" = "iPhone Developer";
				COPY_PHASE_STRIP = NO;
				GCC_C_LANGUAGE_STANDARD = gnu99;
				GCC_DYNAMIC_NO_PIC = NO;
				GCC_OPTIMIZATION_LEVEL = 0;
				GCC_PREPROCESSOR_DEFINITIONS = (
					"DEBUG=1",
					"$(inherited)",
				);
				GCC_SYMBOLS_PRIVATE_EXTERN = NO;
				GCC_WARN_ABOUT_RETURN_TYPE = YES;
				GCC_WARN_UNINITIALIZED_AUTOS = YES;
				GCC_WARN_UNUSED_VARIABLE = YES;
				IPHONEOS_DEPLOYMENT_TARGET = 6.1;
				ONLY_ACTIVE_ARCH = YES;
				SDKROOT = iphoneos;
			};
			name = Debug;
		};
		07ECAE2517053F9C00B601AA /* Release */ = {
			isa = XCBuildConfiguration;
			buildSettings = {
				ALWAYS_SEARCH_USER_PATHS = NO;
				CLANG_CXX_LANGUAGE_STANDARD = "gnu++0x";
				CLANG_CXX_LIBRARY = "libc++";
				CLANG_ENABLE_OBJC_ARC = YES;
				CLANG_WARN_CONSTANT_CONVERSION = YES;
				CLANG_WARN_EMPTY_BODY = YES;
				CLANG_WARN_ENUM_CONVERSION = YES;
				CLANG_WARN_INT_CONVERSION = YES;
				CLANG_WARN__DUPLICATE_METHOD_MATCH = YES;
				"CODE_SIGN_IDENTITY[sdk=iphoneos*]" = "iPhone Developer";
				COPY_PHASE_STRIP = YES;
				GCC_C_LANGUAGE_STANDARD = gnu99;
				GCC_WARN_ABOUT_RETURN_TYPE = YES;
				GCC_WARN_UNINITIALIZED_AUTOS = YES;
				GCC_WARN_UNUSED_VARIABLE = YES;
				IPHONEOS_DEPLOYMENT_TARGET = 6.1;
				OTHER_CFLAGS = "-DNS_BLOCK_ASSERTIONS=1";
				SDKROOT = iphoneos;
				VALIDATE_PRODUCT = YES;
			};
			name = Release;
		};
		07ECAE2717053F9C00B601AA /* Debug */ = {
			isa = XCBuildConfiguration;
			buildSettings = {
				GCC_PRECOMPILE_PREFIX_HEADER = YES;
				GCC_PREFIX_HEADER = "RemoteControl/RemoteControl-Prefix.pch";
				INFOPLIST_FILE = "RemoteControl/RemoteControl-Info.plist";
				PRODUCT_NAME = "$(TARGET_NAME)";
				WRAPPER_EXTENSION = app;
			};
			name = Debug;
		};
		07ECAE2817053F9C00B601AA /* Release */ = {
			isa = XCBuildConfiguration;
			buildSettings = {
				GCC_PRECOMPILE_PREFIX_HEADER = YES;
				GCC_PREFIX_HEADER = "RemoteControl/RemoteControl-Prefix.pch";
				INFOPLIST_FILE = "RemoteControl/RemoteControl-Info.plist";
				PRODUCT_NAME = "$(TARGET_NAME)";
				WRAPPER_EXTENSION = app;
			};
			name = Release;
		};
/* End XCBuildConfiguration section */

/* Begin XCConfigurationList section */
		07ECADFE17053F9C00B601AA /* Build configuration list for PBXProject "RemoteControl" */ = {
			isa = XCConfigurationList;
			buildConfigurations = (
				07ECAE2417053F9C00B601AA /* Debug */,
				07ECAE2517053F9C00B601AA /* Release */,
			);
			defaultConfigurationIsVisible = 0;
			defaultConfigurationName = Release;
		};
		07ECAE2617053F9C00B601AA /* Build configuration list for PBXNativeTarget "RemoteControl" */ = {
			isa = XCConfigurationList;
			buildConfigurations = (
				07ECAE2717053F9C00B601AA /* Debug */,
				07ECAE2817053F9C00B601AA /* Release */,
			);
			defaultConfigurationIsVisible = 0;
		};
/* End XCConfigurationList section */
	};
	rootObject = 07ECADFB17053F9C00B601AA /* Project object */;
}
